{
    "_meta": {
        "hash": {
            "sha256": "46f65891d154913aa9356d00b244b3e33e03ee4deba84532fa326110f1872465"
        },
        "pipfile-spec": 6,
        "requires": {
            "python_version": "3.10"
        },
        "sources": [
            {
                "name": "pypi",
                "url": "https://pypi.org/simple",
                "verify_ssl": true
            }
        ]
    },
    "default": {
        "pyjwt": {
            "hashes": [
                "sha256:543b77207db656de204372350926bed5a86201c4cbff159f623f79c7bb487a15",
                "sha256:7628a7eb7938959ac1b26e819a1df0fd3259505627b575e4bad6d08f76db695c"
            ],
            "index": "pypi",
            "markers": "python_version >= '3.9'",
            "version": "==2.10.0"
        }
    },
    "develop": {}
}
